
Microsoft Visual Studio Solution File, Format Version 12.00
# Visual Studio Version 16
VisualStudioVersion = 16.0.30611.23
MinimumVisualStudioVersion = 10.0.40219.1
Project("{FAE04EC0-301F-11D3-BF4B-00C04F79EFBC}") = "AccountGUI", "AccountGUI\AccountGUI.csproj", "{11A38B4D-62EC-4DDC-B385-F74A90163AD8}"
EndProject
Project("{FAE04EC0-301F-11D3-BF4B-00C04F79EFBC}") = "AccountModelData", "AccountModelData\AccountModelData.csproj", "{B2C83460-26AF-4DF3-AE5A-A940228A5DEB}"
EndProject
Project("{FAE04EC0-301F-11D3-BF4B-00C04F79EFBC}") = "Logging", "Logging\Logging.csproj", "{5FC1FB0B-BB0D-4165-AD22-F23B3F1FD678}"
EndProject
Project("{FAE04EC0-301F-11D3-BF4B-00C04F79EFBC}") = "DBConnecting", "DBConnecting\DBConnecting.csproj", "{1216A807-1410-4995-BD36-9A0756BDB097}"
EndProject
Project("{FAE04EC0-301F-11D3-BF4B-00C04F79EFBC}") = "DelegateMessage", "DelegateMessage\DelegateMessage.csproj", "{B4A32EAA-1A14-4528-91C1-4BE7D0D4E3D4}"
EndProject
Project("{FAE04EC0-301F-11D3-BF4B-00C04F79EFBC}") = "AccountCLI", "AccountCLI\AccountCLI.csproj", "{5E8957C7-8675-4CE7-8423-25C277EDE3FF}"
EndProject
Project("{FAE04EC0-301F-11D3-BF4B-00C04F79EFBC}") = "PasswordCheck", "PasswordCheck\PasswordCheck.csproj", "{B3D5869A-2982-4A27-8A60-06DB03696A3A}"
EndProject
Global
	GlobalSection(SolutionConfigurationPlatforms) = preSolution
		Debug|Any CPU = Debug|Any CPU
		Release|Any CPU = Release|Any CPU
	EndGlobalSection
	GlobalSection(ProjectConfigurationPlatforms) = postSolution
		{11A38B4D-62EC-4DDC-B385-F74A90163AD8}.Debug|Any CPU.ActiveCfg = Debug|Any CPU
		{11A38B4D-62EC-4DDC-B385-F74A90163AD8}.Debug|Any CPU.Build.0 = Debug|Any CPU
		{11A38B4D-62EC-4DDC-B385-F74A90163AD8}.Release|Any CPU.ActiveCfg = Release|Any CPU
		{11A38B4D-62EC-4DDC-B385-F74A90163AD8}.Release|Any CPU.Build.0 = Release|Any CPU
		{B2C83460-26AF-4DF3-AE5A-A940228A5DEB}.Debug|Any CPU.ActiveCfg = Debug|Any CPU
		{B2C83460-26AF-4DF3-AE5A-A940228A5DEB}.Debug|Any CPU.Build.0 = Debug|Any CPU
		{B2C83460-26AF-4DF3-AE5A-A940228A5DEB}.Release|Any CPU.ActiveCfg = Release|Any CPU
		{B2C83460-26AF-4DF3-AE5A-A940228A5DEB}.Release|Any CPU.Build.0 = Release|Any CPU
		{5FC1FB0B-BB0D-4165-AD22-F23B3F1FD678}.Debug|Any CPU.ActiveCfg = Debug|Any CPU
		{5FC1FB0B-BB0D-4165-AD22-F23B3F1FD678}.Debug|Any CPU.Build.0 = Debug|Any CPU
		{5FC1FB0B-BB0D-4165-AD22-F23B3F1FD678}.Release|Any CPU.ActiveCfg = Release|Any CPU
		{5FC1FB0B-BB0D-4165-AD22-F23B3F1FD678}.Release|Any CPU.Build.0 = Release|Any CPU
		{1216A807-1410-4995-BD36-9A0756BDB097}.Debug|Any CPU.ActiveCfg = Debug|Any CPU
		{1216A807-1410-4995-BD36-9A0756BDB097}.Debug|Any CPU.Build.0 = Debug|Any CPU
		{1216A807-1410-4995-BD36-9A0756BDB097}.Release|Any CPU.ActiveCfg = Release|Any CPU
		{1216A807-1410-4995-BD36-9A0756BDB097}.Release|Any CPU.Build.0 = Release|Any CPU
		{B4A32EAA-1A14-4528-91C1-4BE7D0D4E3D4}.Debug|Any CPU.ActiveCfg = Debug|Any CPU
		{B4A32EAA-1A14-4528-91C1-4BE7D0D4E3D4}.Debug|Any CPU.Build.0 = Debug|Any CPU
		{B4A32EAA-1A14-4528-91C1-4BE7D0D4E3D4}.Release|Any CPU.ActiveCfg = Release|Any CPU
		{B4A32EAA-1A14-4528-91C1-4BE7D0D4E3D4}.Release|Any CPU.Build.0 = Release|Any CPU
		{5E8957C7-8675-4CE7-8423-25C277EDE3FF}.Debug|Any CPU.ActiveCfg = Debug|Any CPU
		{5E8957C7-8675-4CE7-8423-25C277EDE3FF}.Debug|Any CPU.Build.0 = Debug|Any CPU
		{5E8957C7-8675-4CE7-8423-25C277EDE3FF}.Release|Any CPU.ActiveCfg = Release|Any CPU
		{5E8957C7-8675-4CE7-8423-25C277EDE3FF}.Release|Any CPU.Build.0 = Release|Any CPU
		{B3D5869A-2982-4A27-8A60-06DB03696A3A}.Debug|Any CPU.ActiveCfg = Debug|Any CPU
		{B3D5869A-2982-4A27-8A60-06DB03696A3A}.Debug|Any CPU.Build.0 = Debug|Any CPU
		{B3D5869A-2982-4A27-8A60-06DB03696A3A}.Release|Any CPU.ActiveCfg = Release|Any CPU
		{B3D5869A-2982-4A27-8A60-06DB03696A3A}.Release|Any CPU.Build.0 = Release|Any CPU
	EndGlobalSection
	GlobalSection(SolutionProperties) = preSolution
		HideSolutionNode = FALSE
	EndGlobalSection
	GlobalSection(ExtensibilityGlobals) = postSolution
		SolutionGuid = {74C1DCC1-D828-4A3D-A274-9398FC2E6F51}
	EndGlobalSection
EndGlobal
